// !$*UTF8*$!
{
	archiveVersion = 1;
	classes = {
	};
	objectVersion = 54;
	objects = {

/* Begin PBXBuildFile section */
		0A1D2E3F4A5B6C7D8E9F0A1B /* AccessibilityID.swift in Sources */ = {isa = PBXBuildFile; fileRef = 0A1D2E3F4A5B6C7D8E9F0A1C /* AccessibilityID.swift */; };
		0B3C7A1F8E2D4B5A9C6F1D3E /* CursorStyleView.swift in Sources */ = {isa = PBXBuildFile; fileRef = 1A4D8B2E9F3C5A6B0D7E2F4A /* CursorStyleView.swift */; };
		0CF5430EFF7C72182BB3BE6E /* SoyehtAPIClientTests.swift in Sources */ = {isa = PBXBuildFile; fileRef = AB41A10FD1623DC4B18036B6 /* SoyehtAPIClientTests.swift */; };
		0E2ED6CFBF1AD0E70E5731DC /* FontSizeView.swift in Sources */ = {isa = PBXBuildFile; fileRef = 5853D4D121C79E087561ACE1 /* FontSizeView.swift */; };
		1A07FA56A6559A0576C3F374 /* ClawDeployMonitor.swift in Sources */ = {isa = PBXBuildFile; fileRef = EAF2F6FDB1023B9A23B8ACCD /* ClawDeployMonitor.swift */; };
		2C5E9B3A0F4D6C7B1E8A3F5C /* CustomColorPickerView.swift in Sources */ = {isa = PBXBuildFile; fileRef = 3B6FA0C4D15E7B8C2F9D4A6E /* CustomColorPickerView.swift */; };
		44D071707953D9670EAC7FDA /* AppNotifications.swift in Sources */ = {isa = PBXBuildFile; fileRef = CAAB1A0672E020C8C47589A3 /* AppNotifications.swift */; };
		4929B7AE2F191AAB0075C162 /* NIOSSH in Frameworks */ = {isa = PBXBuildFile; productRef = 4929B7AD2F191AAB0075C162 /* NIOSSH */; };
		4936D22124512AF2005CEE27 /* UIKitSshTerminalView.swift in Sources */ = {isa = PBXBuildFile; fileRef = 4936D22024512AF2005CEE27 /* UIKitSshTerminalView.swift */; };
		4959FFDB2447F971001F42C0 /* SwiftTerm in Frameworks */ = {isa = PBXBuildFile; productRef = 4959FFDA2447F971001F42C0 /* SwiftTerm */; };
		49A1B0012F3E000100AABB01 /* SoyehtTheme.swift in Sources */ = {isa = PBXBuildFile; fileRef = 49A1B0002F3E000100AABB01 /* SoyehtTheme.swift */; };
		49A1B0032F3E000100AABB02 /* SplashView.swift in Sources */ = {isa = PBXBuildFile; fileRef = 49A1B0022F3E000100AABB02 /* SplashView.swift */; };
		49A1B0052F3E000100AABB03 /* InstanceListView.swift in Sources */ = {isa = PBXBuildFile; fileRef = 49A1B0042F3E000100AABB03 /* InstanceListView.swift */; };
		49A1B0072F3F000100AABB04 /* SessionStore.swift in Sources */ = {isa = PBXBuildFile; fileRef = 49A1B0062F3F000100AABB04 /* SessionStore.swift */; };
		49A1B0092F3F000100AABB05 /* SoyehtAPIClient.swift in Sources */ = {isa = PBXBuildFile; fileRef = 49A1B0082F3F000100AABB05 /* SoyehtAPIClient.swift */; };
		49A1B00B2F3F000100AABB06 /* WebSocketTerminalView.swift in Sources */ = {isa = PBXBuildFile; fileRef = 49A1B00A2F3F000100AABB06 /* WebSocketTerminalView.swift */; };
		49A1B00D2F3F000100AABB07 /* QRScannerView.swift in Sources */ = {isa = PBXBuildFile; fileRef = 49A1B00C2F3F000100AABB07 /* QRScannerView.swift */; };
		49BD1A5E224207B5005A2252 /* AppDelegate.swift in Sources */ = {isa = PBXBuildFile; fileRef = 49BD1A5D224207B5005A2252 /* AppDelegate.swift */; };
		49BD1A60224207B5005A2252 /* ViewController.swift in Sources */ = {isa = PBXBuildFile; fileRef = 49BD1A5F224207B5005A2252 /* ViewController.swift */; };
		49BD1A63224207B5005A2252 /* Main.storyboard in Resources */ = {isa = PBXBuildFile; fileRef = 49BD1A61224207B5005A2252 /* Main.storyboard */; };
		49BD1A65224207B7005A2252 /* Assets.xcassets in Resources */ = {isa = PBXBuildFile; fileRef = 49BD1A64224207B7005A2252 /* Assets.xcassets */; };
		49BD1A68224207B7005A2252 /* LaunchScreen.storyboard in Resources */ = {isa = PBXBuildFile; fileRef = 49BD1A66224207B7005A2252 /* LaunchScreen.storyboard */; };
		49F2293060AAECD48228B76E /* SoyehtTerminalAppearance.swift in Sources */ = {isa = PBXBuildFile; fileRef = C2D3FBA44A63A7F5514A2C45 /* SoyehtTerminalAppearance.swift */; };
		49F5B0B32F2E8C1A00ABCD12 /* NIOPosix in Frameworks */ = {isa = PBXBuildFile; productRef = 49F5B0B22F2E8C1A00ABCD12 /* NIOPosix */; };
		49F5B0B52F2E8D1A00ABCD12 /* SSHLoginView.swift in Sources */ = {isa = PBXBuildFile; fileRef = 49F5B0B42F2E8D1A00ABCD12 /* SSHLoginView.swift */; };
		49F5B0B72F2E8E1A00ABCD12 /* TerminalHostViewController.swift in Sources */ = {isa = PBXBuildFile; fileRef = 49F5B0B62F2E8E1A00ABCD12 /* TerminalHostViewController.swift */; };
		4B757529461B8CA3296DEF79 /* TerminalPreferences.swift in Sources */ = {isa = PBXBuildFile; fileRef = DD25CF8831A8F130C1E7C502 /* TerminalPreferences.swift */; };
		5C58898C64769BB16610B44E /* Foundation.framework in Frameworks */ = {isa = PBXBuildFile; fileRef = 7F02B43CC788993F501BEACE /* Foundation.framework */; };
		5F049EB1D2DBF8781F780781 /* SettingsRootView.swift in Sources */ = {isa = PBXBuildFile; fileRef = 5949BB86D5453B3D46E7EE37 /* SettingsRootView.swift */; };
		6CC0C107EF82D15CB8F61AEE /* ClawDeployAttributes.swift in Sources */ = {isa = PBXBuildFile; fileRef = BCFB584AB9638188A60BDEBA /* ClawDeployAttributes.swift */; };
		75317D3A5661ED67070574CD /* ClawDeployActivityManager.swift in Sources */ = {isa = PBXBuildFile; fileRef = ABEC1F5D2F474A6A373D2BC0 /* ClawDeployActivityManager.swift */; };
		918E2EA1C0752AF7AB015BC4 /* Foundation.framework in Frameworks */ = {isa = PBXBuildFile; fileRef = 7F02B43CC788993F501BEACE /* Foundation.framework */; };
		9ADC133F2F82881A00040B9C /* ServerListView.swift in Sources */ = {isa = PBXBuildFile; fileRef = 9ADC133E2F82881A00040B9C /* ServerListView.swift */; };
		9ADC13412F82882F00040B9C /* ServerListViewTests.swift in Sources */ = {isa = PBXBuildFile; fileRef = 9ADC13402F82882F00040B9C /* ServerListViewTests.swift */; };
		38F0B955EBC1B48530731D0D /* NavigationStateTests.swift in Sources */ = {isa = PBXBuildFile; fileRef = 50070E8A7DA7AFF96395A4D5 /* NavigationStateTests.swift */; };
		A1B2C3D4E5F60718293A4B5C /* HapticZoneModel.swift in Sources */ = {isa = PBXBuildFile; fileRef = A1B2C3D4E5F60718293A4B5D /* HapticZoneModel.swift */; };
		A7AB67CB5EDF8B5B22897E69 /* ANSIParser.swift in Sources */ = {isa = PBXBuildFile; fileRef = 3E724E43A39E6607FCF008CD /* ANSIParser.swift */; };
		AAED75A0BBDBB615543F5C21 /* ANSIParserTests.swift in Sources */ = {isa = PBXBuildFile; fileRef = 895D113BC01EC7F9B5A563CC /* ANSIParserTests.swift */; };
		B2C3D4E5F6071829304B5C6D /* HapticEngine.swift in Sources */ = {isa = PBXBuildFile; fileRef = B2C3D4E5F6071829304B5C6E /* HapticEngine.swift */; };
		B57C7164781E148A6BB93A87 /* SoyehtLiveActivityBundle.swift in Sources */ = {isa = PBXBuildFile; fileRef = 36A5856D37A409695F29B1E0 /* SoyehtLiveActivityBundle.swift */; };
		BFC5521DA4EFBFC66FBB79B4 /* TerminalPreview.swift in Sources */ = {isa = PBXBuildFile; fileRef = EF1E09FD6412548C12769699 /* TerminalPreview.swift */; };
		C3D4E5F60718293A4B5C6D7E /* HapticZoneView.swift in Sources */ = {isa = PBXBuildFile; fileRef = C3D4E5F60718293A4B5C6D7F /* HapticZoneView.swift */; };
		CA0100010000000000000001 /* ClawModels.swift in Sources */ = {isa = PBXBuildFile; fileRef = CA0200010000000000000001 /* ClawModels.swift */; };
		CA0100020000000000000002 /* ClawMockData.swift in Sources */ = {isa = PBXBuildFile; fileRef = CA0200020000000000000002 /* ClawMockData.swift */; };
		CA0100030000000000000003 /* ClawRoute.swift in Sources */ = {isa = PBXBuildFile; fileRef = CA0200030000000000000003 /* ClawRoute.swift */; };
		CA0100040000000000000004 /* ClawCardView.swift in Sources */ = {isa = PBXBuildFile; fileRef = CA0200040000000000000004 /* ClawCardView.swift */; };
		CA0100050000000000000005 /* ClawStoreView.swift in Sources */ = {isa = PBXBuildFile; fileRef = CA0200050000000000000005 /* ClawStoreView.swift */; };
		CA0100060000000000000006 /* ClawStoreViewModel.swift in Sources */ = {isa = PBXBuildFile; fileRef = CA0200060000000000000006 /* ClawStoreViewModel.swift */; };
		CA0100070000000000000007 /* ClawDetailView.swift in Sources */ = {isa = PBXBuildFile; fileRef = CA0200070000000000000007 /* ClawDetailView.swift */; };
		CA0100080000000000000008 /* ClawDetailViewModel.swift in Sources */ = {isa = PBXBuildFile; fileRef = CA0200080000000000000008 /* ClawDetailViewModel.swift */; };
		CA0100090000000000000009 /* ClawSetupView.swift in Sources */ = {isa = PBXBuildFile; fileRef = CA0200090000000000000009 /* ClawSetupView.swift */; };
		CA01000A000000000000000A /* ClawSetupViewModel.swift in Sources */ = {isa = PBXBuildFile; fileRef = CA02000A000000000000000A /* ClawSetupViewModel.swift */; };
		CA01000B000000000000000B /* SoyehtAPIClient+Claws.swift in Sources */ = {isa = PBXBuildFile; fileRef = CA02000B000000000000000B /* SoyehtAPIClient+Claws.swift */; };
		CA01000C000000000000000C /* ClawModelsTests.swift in Sources */ = {isa = PBXBuildFile; fileRef = CA02000C000000000000000C /* ClawModelsTests.swift */; };
		CA01000D000000000000000D /* ClawAPITests.swift in Sources */ = {isa = PBXBuildFile; fileRef = CA02000D000000000000000D /* ClawAPITests.swift */; };
		CA01000E000000000000000E /* ClawViewModelTests.swift in Sources */ = {isa = PBXBuildFile; fileRef = CA02000E000000000000000E /* ClawViewModelTests.swift */; };
		CA01000F000000000000000F /* ClawNotificationHelper.swift in Sources */ = {isa = PBXBuildFile; fileRef = CA02000F000000000000000F /* ClawNotificationHelper.swift */; };
		CB0100010000000000000001 /* ClipboardWriter.swift in Sources */ = {isa = PBXBuildFile; fileRef = CB0200010000000000000001 /* ClipboardWriter.swift */; };
		CB0100020000000000000002 /* ClipboardWriterTests.swift in Sources */ = {isa = PBXBuildFile; fileRef = CB0200020000000000000002 /* ClipboardWriterTests.swift */; };
		AA01000100000000000A0001 /* DownloadsManager.swift in Sources */ = {isa = PBXBuildFile; fileRef = AA02000100000000000A0001 /* DownloadsManager.swift */; };
		AA01000200000000000A0002 /* AttachmentPickerView.swift in Sources */ = {isa = PBXBuildFile; fileRef = AA02000200000000000A0002 /* AttachmentPickerView.swift */; };
		AA01000300000000000A0003 /* TerminalAttachmentCoordinator.swift in Sources */ = {isa = PBXBuildFile; fileRef = AA02000300000000000A0003 /* TerminalAttachmentCoordinator.swift */; };
		AA01000400000000000A0004 /* SoyehtAPIClient+Attachments.swift in Sources */ = {isa = PBXBuildFile; fileRef = AA02000400000000000A0004 /* SoyehtAPIClient+Attachments.swift */; };
		D1A2B3C4D5E6F708192A3B01 /* VoiceInputState.swift in Sources */ = {isa = PBXBuildFile; fileRef = D1A2B3C4D5E6F708192A3B02 /* VoiceInputState.swift */; };
		D1A2B3C4D5E6F708192A3B03 /* VoicePermissionHelper.swift in Sources */ = {isa = PBXBuildFile; fileRef = D1A2B3C4D5E6F708192A3B04 /* VoicePermissionHelper.swift */; };
		D1A2B3C4D5E6F708192A3B05 /* VoiceInputService.swift in Sources */ = {isa = PBXBuildFile; fileRef = D1A2B3C4D5E6F708192A3B06 /* VoiceInputService.swift */; };
		D1A2B3C4D5E6F708192A3B07 /* VoiceWaveformView.swift in Sources */ = {isa = PBXBuildFile; fileRef = D1A2B3C4D5E6F708192A3B08 /* VoiceWaveformView.swift */; };
		D1A2B3C4D5E6F708192A3B09 /* VoiceBarView.swift in Sources */ = {isa = PBXBuildFile; fileRef = D1A2B3C4D5E6F708192A3B0A /* VoiceBarView.swift */; };
		D1A2B3C4D5E6F708192A3B0B /* VoiceRecordingPanel.swift in Sources */ = {isa = PBXBuildFile; fileRef = D1A2B3C4D5E6F708192A3B0C /* VoiceRecordingPanel.swift */; };
		D1A2B3C4D5E6F708192A3B0D /* VoiceSettingsView.swift in Sources */ = {isa = PBXBuildFile; fileRef = D1A2B3C4D5E6F708192A3B0E /* VoiceSettingsView.swift */; };
		D4E5F60718293A4B5C6D7E8F /* HapticZoneModelTests.swift in Sources */ = {isa = PBXBuildFile; fileRef = D4E5F60718293A4B5C6D7E90 /* HapticZoneModelTests.swift */; };
		DEE08BEC4B34F7C3710E9EE6 /* SettingsRoute.swift in Sources */ = {isa = PBXBuildFile; fileRef = 45A9499AF79D1566E098DA9F /* SettingsRoute.swift */; };
		E1A2B3C4D5E6F708192A3C02 /* ShortcutBarItem.swift in Sources */ = {isa = PBXBuildFile; fileRef = E1A2B3C4D5E6F708192A3C01 /* ShortcutBarItem.swift */; };
		E1A2B3C4D5E6F708192A3C04 /* ShortcutBarCatalog.swift in Sources */ = {isa = PBXBuildFile; fileRef = E1A2B3C4D5E6F708192A3C03 /* ShortcutBarCatalog.swift */; };
		E1A2B3C4D5E6F708192A3C06 /* ShortcutBarView.swift in Sources */ = {isa = PBXBuildFile; fileRef = E1A2B3C4D5E6F708192A3C05 /* ShortcutBarView.swift */; };
		E1A2B3C4D5E6F708192A3C08 /* CustomShortcutCreatorView.swift in Sources */ = {isa = PBXBuildFile; fileRef = E1A2B3C4D5E6F708192A3C07 /* CustomShortcutCreatorView.swift */; };
		E1A2B3C4D5E6F708192A3C0A /* ShortcutBarTests.swift in Sources */ = {isa = PBXBuildFile; fileRef = E1A2B3C4D5E6F708192A3C09 /* ShortcutBarTests.swift */; };
		E40B5FCBD89E11E1AD9A35D7 /* TerminalPreferencesTests.swift in Sources */ = {isa = PBXBuildFile; fileRef = 71A40B4E3C8DFAE03F29F48A /* TerminalPreferencesTests.swift */; };
		E53343F60799BFB726D98393 /* ClawDeployAttributes.swift in Sources */ = {isa = PBXBuildFile; fileRef = BCFB584AB9638188A60BDEBA /* ClawDeployAttributes.swift */; };
		E5F60718293A4B5C6D7E8F9A /* HapticPreferencesTests.swift in Sources */ = {isa = PBXBuildFile; fileRef = E5F60718293A4B5C6D7E8F9B /* HapticPreferencesTests.swift */; };
		F1A2B3C4D5E6F708192A3B4C /* ColorTheme.swift in Sources */ = {isa = PBXBuildFile; fileRef = F1A2B3C4D5E6F708192A3B4D /* ColorTheme.swift */; };
		F2B3C4D5E6F708192A3B4C5D /* ColorThemeView.swift in Sources */ = {isa = PBXBuildFile; fileRef = F2B3C4D5E6F708192A3B4C5E /* ColorThemeView.swift */; };
		F3C4D5E6F708192A3B4C5D6E /* ColorThemeTests.swift in Sources */ = {isa = PBXBuildFile; fileRef = F3C4D5E6F708192A3B4C5D6F /* ColorThemeTests.swift */; };
		F8E1E2CF81A37067FAE02B64 /* SoyehtLiveActivity.appex in Embed App Extensions */ = {isa = PBXBuildFile; fileRef = 1C541E145E59CD7EE3FA0F27 /* SoyehtLiveActivity.appex */; settings = {ATTRIBUTES = (RemoveHeadersOnCopy, ); }; };
		F90455B6F2B5E9F18EBA6F01 /* SettingsRow.swift in Sources */ = {isa = PBXBuildFile; fileRef = 724061C54B09A67E6E724C7D /* SettingsRow.swift */; };
		FF64E360B0BD1886FC75D715 /* ClawDeployLiveActivity.swift in Sources */ = {isa = PBXBuildFile; fileRef = B5868D1F768755E14DFC0D4E /* ClawDeployLiveActivity.swift */; };
		5CB001000000000000000001 /* AnsiAttributedStringBuilder.swift in Sources */ = {isa = PBXBuildFile; fileRef = 5CB002000000000000000001 /* AnsiAttributedStringBuilder.swift */; };
		5CB001000000000000000002 /* ScrollbackStore.swift in Sources */ = {isa = PBXBuildFile; fileRef = 5CB002000000000000000002 /* ScrollbackStore.swift */; };
		5CB001000000000000000003 /* ScrollbackLineCell.swift in Sources */ = {isa = PBXBuildFile; fileRef = 5CB002000000000000000003 /* ScrollbackLineCell.swift */; };
		5CB001000000000000000004 /* ScrollbackDragHandleView.swift in Sources */ = {isa = PBXBuildFile; fileRef = 5CB002000000000000000004 /* ScrollbackDragHandleView.swift */; };
		5CB001000000000000000005 /* ScrollbackPanelView.swift in Sources */ = {isa = PBXBuildFile; fileRef = 5CB002000000000000000005 /* ScrollbackPanelView.swift */; };
		5CB001000000000000000006 /* ScrollbackPanelController.swift in Sources */ = {isa = PBXBuildFile; fileRef = 5CB002000000000000000006 /* ScrollbackPanelController.swift */; };
		5CB001000000000000000007 /* RubberBand.swift in Sources */ = {isa = PBXBuildFile; fileRef = 5CB002000000000000000007 /* RubberBand.swift */; };
/* End PBXBuildFile section */

/* Begin PBXContainerItemProxy section */
		073A2A111BC6D2EF92DF4435 /* PBXContainerItemProxy */ = {
			isa = PBXContainerItemProxy;
			containerPortal = 49BD1A52224207B4005A2252 /* Project object */;
			proxyType = 1;
			remoteGlobalIDString = 7DF6AD3AD35D869C7576F2DE;
			remoteInfo = SoyehtLiveActivity;
		};
		91CCCA6630D476EC42DC958F /* PBXContainerItemProxy */ = {
			isa = PBXContainerItemProxy;
			containerPortal = 49BD1A52224207B4005A2252 /* Project object */;
			proxyType = 1;
			remoteGlobalIDString = 49BD1A59224207B5005A2252;
			remoteInfo = iOSTerminal;
		};
/* End PBXContainerItemProxy section */

/* Begin PBXCopyFilesBuildPhase section */
		498666E52574A727006BFFA0 /* Embed Frameworks */ = {
			isa = PBXCopyFilesBuildPhase;
			buildActionMask = 2147483647;
			dstPath = "";
			dstSubfolderSpec = 10;
			files = (
			);
			name = "Embed Frameworks";
			runOnlyForDeploymentPostprocessing = 0;
		};
		5C79246E87CF102B15A2FC73 /* Embed App Extensions */ = {
			isa = PBXCopyFilesBuildPhase;
			buildActionMask = 2147483647;
			dstPath = "";
			dstSubfolderSpec = 13;
			files = (
				F8E1E2CF81A37067FAE02B64 /* SoyehtLiveActivity.appex in Embed App Extensions */,
			);
			name = "Embed App Extensions";
			runOnlyForDeploymentPostprocessing = 0;
		};
/* End PBXCopyFilesBuildPhase section */

/* Begin PBXFileReference section */
		186D17DC89B2C8E9E22AA15B /* SoyehtTests.xctest */ = {isa = PBXFileReference; explicitFileType = wrapper.cfbundle; includeInIndex = 0; path = SoyehtTests.xctest; sourceTree = BUILT_PRODUCTS_DIR; };
		1A4D8B2E9F3C5A6B0D7E2F4A /* CursorStyleView.swift */ = {isa = PBXFileReference; includeInIndex = 1; lastKnownFileType = sourcecode.swift; path = CursorStyleView.swift; sourceTree = "<group>"; };
		1C541E145E59CD7EE3FA0F27 /* SoyehtLiveActivity.appex */ = {isa = PBXFileReference; explicitFileType = "wrapper.app-extension"; includeInIndex = 0; name = SoyehtLiveActivity.appex; path = SoyehtLiveActivity.appex; sourceTree = BUILT_PRODUCTS_DIR; };
		36A5856D37A409695F29B1E0 /* SoyehtLiveActivityBundle.swift */ = {isa = PBXFileReference; includeInIndex = 1; lastKnownFileType = sourcecode.swift; path = SoyehtLiveActivityBundle.swift; sourceTree = "<group>"; };
		3B6FA0C4D15E7B8C2F9D4A6E /* CustomColorPickerView.swift */ = {isa = PBXFileReference; includeInIndex = 1; lastKnownFileType = sourcecode.swift; path = CustomColorPickerView.swift; sourceTree = "<group>"; };
		3E724E43A39E6607FCF008CD /* ANSIParser.swift */ = {isa = PBXFileReference; includeInIndex = 1; lastKnownFileType = sourcecode.swift; path = ANSIParser.swift; sourceTree = "<group>"; };
		45A9499AF79D1566E098DA9F /* SettingsRoute.swift */ = {isa = PBXFileReference; includeInIndex = 1; lastKnownFileType = sourcecode.swift; path = SettingsRoute.swift; sourceTree = "<group>"; };
		4936D22024512AF2005CEE27 /* UIKitSshTerminalView.swift */ = {isa = PBXFileReference; lastKnownFileType = sourcecode.swift; path = UIKitSshTerminalView.swift; sourceTree = "<group>"; };
		49A1B0002F3E000100AABB01 /* SoyehtTheme.swift */ = {isa = PBXFileReference; lastKnownFileType = sourcecode.swift; path = SoyehtTheme.swift; sourceTree = "<group>"; };
		49A1B0022F3E000100AABB02 /* SplashView.swift */ = {isa = PBXFileReference; lastKnownFileType = sourcecode.swift; path = SplashView.swift; sourceTree = "<group>"; };
		49A1B0042F3E000100AABB03 /* InstanceListView.swift */ = {isa = PBXFileReference; lastKnownFileType = sourcecode.swift; path = InstanceListView.swift; sourceTree = "<group>"; };
		49A1B0062F3F000100AABB04 /* SessionStore.swift */ = {isa = PBXFileReference; lastKnownFileType = sourcecode.swift; path = SessionStore.swift; sourceTree = "<group>"; };
		49A1B0082F3F000100AABB05 /* SoyehtAPIClient.swift */ = {isa = PBXFileReference; lastKnownFileType = sourcecode.swift; path = SoyehtAPIClient.swift; sourceTree = "<group>"; };
		49A1B00A2F3F000100AABB06 /* WebSocketTerminalView.swift */ = {isa = PBXFileReference; lastKnownFileType = sourcecode.swift; path = WebSocketTerminalView.swift; sourceTree = "<group>"; };
		49A1B00C2F3F000100AABB07 /* QRScannerView.swift */ = {isa = PBXFileReference; lastKnownFileType = sourcecode.swift; path = QRScannerView.swift; sourceTree = "<group>"; };
		49BD1A5A224207B5005A2252 /* Soyeht.app */ = {isa = PBXFileReference; explicitFileType = wrapper.application; includeInIndex = 0; path = Soyeht.app; sourceTree = BUILT_PRODUCTS_DIR; };
		49BD1A5D224207B5005A2252 /* AppDelegate.swift */ = {isa = PBXFileReference; lastKnownFileType = sourcecode.swift; path = AppDelegate.swift; sourceTree = "<group>"; };
		49BD1A5F224207B5005A2252 /* ViewController.swift */ = {isa = PBXFileReference; lastKnownFileType = sourcecode.swift; path = ViewController.swift; sourceTree = "<group>"; };
		49BD1A62224207B5005A2252 /* Base */ = {isa = PBXFileReference; lastKnownFileType = file.storyboard; name = Base; path = Base.lproj/Main.storyboard; sourceTree = "<group>"; };
		49BD1A64224207B7005A2252 /* Assets.xcassets */ = {isa = PBXFileReference; lastKnownFileType = folder.assetcatalog; path = Assets.xcassets; sourceTree = "<group>"; };
		49BD1A67224207B7005A2252 /* Base */ = {isa = PBXFileReference; lastKnownFileType = file.storyboard; name = Base; path = Base.lproj/LaunchScreen.storyboard; sourceTree = "<group>"; };
		49BD1A69224207B7005A2252 /* Info.plist */ = {isa = PBXFileReference; lastKnownFileType = text.plist.xml; path = Info.plist; sourceTree = "<group>"; };
		49F5B0B42F2E8D1A00ABCD12 /* SSHLoginView.swift */ = {isa = PBXFileReference; lastKnownFileType = sourcecode.swift; path = SSHLoginView.swift; sourceTree = "<group>"; };
		49F5B0B62F2E8E1A00ABCD12 /* TerminalHostViewController.swift */ = {isa = PBXFileReference; lastKnownFileType = sourcecode.swift; path = TerminalHostViewController.swift; sourceTree = "<group>"; };
		49SEC0002F5A000100SECRETS /* Secrets.plist */ = {isa = PBXFileReference; lastKnownFileType = text.plist.xml; path = Secrets.plist; sourceTree = "<group>"; };
		5853D4D121C79E087561ACE1 /* FontSizeView.swift */ = {isa = PBXFileReference; includeInIndex = 1; lastKnownFileType = sourcecode.swift; path = FontSizeView.swift; sourceTree = "<group>"; };
		5949BB86D5453B3D46E7EE37 /* SettingsRootView.swift */ = {isa = PBXFileReference; includeInIndex = 1; lastKnownFileType = sourcecode.swift; path = SettingsRootView.swift; sourceTree = "<group>"; };
		71A40B4E3C8DFAE03F29F48A /* TerminalPreferencesTests.swift */ = {isa = PBXFileReference; includeInIndex = 1; lastKnownFileType = sourcecode.swift; path = TerminalPreferencesTests.swift; sourceTree = "<group>"; };
		724061C54B09A67E6E724C7D /* SettingsRow.swift */ = {isa = PBXFileReference; includeInIndex = 1; lastKnownFileType = sourcecode.swift; path = SettingsRow.swift; sourceTree = "<group>"; };
		75247796245897E3001B12E7 /* SwiftTerm */ = {isa = PBXFileReference; lastKnownFileType = folder; name = SwiftTerm; path = ..; sourceTree = "<group>"; };
		767B25933E52526D1DBD7AFF /* Info.plist */ = {isa = PBXFileReference; includeInIndex = 1; lastKnownFileType = text.plist.xml; path = Info.plist; sourceTree = "<group>"; };
		7F02B43CC788993F501BEACE /* Foundation.framework */ = {isa = PBXFileReference; lastKnownFileType = wrapper.framework; name = Foundation.framework; path = Platforms/iPhoneOS.platform/Developer/SDKs/iPhoneOS18.0.sdk/System/Library/Frameworks/Foundation.framework; sourceTree = DEVELOPER_DIR; };
		895D113BC01EC7F9B5A563CC /* ANSIParserTests.swift */ = {isa = PBXFileReference; includeInIndex = 1; lastKnownFileType = sourcecode.swift; path = ANSIParserTests.swift; sourceTree = "<group>"; };
		0A1D2E3F4A5B6C7D8E9F0A1C /* AccessibilityID.swift */ = {isa = PBXFileReference; lastKnownFileType = sourcecode.swift; path = AccessibilityID.swift; sourceTree = "<group>"; };
		9ADC133E2F82881A00040B9C /* ServerListView.swift */ = {isa = PBXFileReference; lastKnownFileType = sourcecode.swift; path = ServerListView.swift; sourceTree = "<group>"; };
		9ADC13402F82882F00040B9C /* ServerListViewTests.swift */ = {isa = PBXFileReference; lastKnownFileType = sourcecode.swift; path = ServerListViewTests.swift; sourceTree = "<group>"; };
		50070E8A7DA7AFF96395A4D5 /* NavigationStateTests.swift */ = {isa = PBXFileReference; lastKnownFileType = sourcecode.swift; path = NavigationStateTests.swift; sourceTree = "<group>"; };
		A1B2C3D4E5F60718293A4B5D /* HapticZoneModel.swift */ = {isa = PBXFileReference; includeInIndex = 1; lastKnownFileType = sourcecode.swift; path = HapticZoneModel.swift; sourceTree = "<group>"; };
		AB41A10FD1623DC4B18036B6 /* SoyehtAPIClientTests.swift */ = {isa = PBXFileReference; includeInIndex = 1; lastKnownFileType = sourcecode.swift; path = SoyehtAPIClientTests.swift; sourceTree = "<group>"; };
		ABEC1F5D2F474A6A373D2BC0 /* ClawDeployActivityManager.swift */ = {isa = PBXFileReference; includeInIndex = 1; lastKnownFileType = sourcecode.swift; path = ClawDeployActivityManager.swift; sourceTree = "<group>"; };
		B2C3D4E5F6071829304B5C6E /* HapticEngine.swift */ = {isa = PBXFileReference; includeInIndex = 1; lastKnownFileType = sourcecode.swift; path = HapticEngine.swift; sourceTree = "<group>"; };
		B5868D1F768755E14DFC0D4E /* ClawDeployLiveActivity.swift */ = {isa = PBXFileReference; includeInIndex = 1; lastKnownFileType = sourcecode.swift; path = ClawDeployLiveActivity.swift; sourceTree = "<group>"; };
		BCFB584AB9638188A60BDEBA /* ClawDeployAttributes.swift */ = {isa = PBXFileReference; includeInIndex = 1; lastKnownFileType = sourcecode.swift; path = ClawDeployAttributes.swift; sourceTree = "<group>"; };
		C2D3FBA44A63A7F5514A2C45 /* SoyehtTerminalAppearance.swift */ = {isa = PBXFileReference; includeInIndex = 1; lastKnownFileType = sourcecode.swift; path = SoyehtTerminalAppearance.swift; sourceTree = "<group>"; };
		C3D4E5F60718293A4B5C6D7F /* HapticZoneView.swift */ = {isa = PBXFileReference; includeInIndex = 1; lastKnownFileType = sourcecode.swift; path = HapticZoneView.swift; sourceTree = "<group>"; };
		CA0200010000000000000001 /* ClawModels.swift */ = {isa = PBXFileReference; lastKnownFileType = sourcecode.swift; path = ClawModels.swift; sourceTree = "<group>"; };
		CA0200020000000000000002 /* ClawMockData.swift */ = {isa = PBXFileReference; lastKnownFileType = sourcecode.swift; path = ClawMockData.swift; sourceTree = "<group>"; };
		CA0200030000000000000003 /* ClawRoute.swift */ = {isa = PBXFileReference; lastKnownFileType = sourcecode.swift; path = ClawRoute.swift; sourceTree = "<group>"; };
		CA0200040000000000000004 /* ClawCardView.swift */ = {isa = PBXFileReference; lastKnownFileType = sourcecode.swift; path = ClawCardView.swift; sourceTree = "<group>"; };
		CA0200050000000000000005 /* ClawStoreView.swift */ = {isa = PBXFileReference; lastKnownFileType = sourcecode.swift; path = ClawStoreView.swift; sourceTree = "<group>"; };
		CA0200060000000000000006 /* ClawStoreViewModel.swift */ = {isa = PBXFileReference; lastKnownFileType = sourcecode.swift; path = ClawStoreViewModel.swift; sourceTree = "<group>"; };
		CA0200070000000000000007 /* ClawDetailView.swift */ = {isa = PBXFileReference; lastKnownFileType = sourcecode.swift; path = ClawDetailView.swift; sourceTree = "<group>"; };
		CA0200080000000000000008 /* ClawDetailViewModel.swift */ = {isa = PBXFileReference; lastKnownFileType = sourcecode.swift; path = ClawDetailViewModel.swift; sourceTree = "<group>"; };
		CA0200090000000000000009 /* ClawSetupView.swift */ = {isa = PBXFileReference; lastKnownFileType = sourcecode.swift; path = ClawSetupView.swift; sourceTree = "<group>"; };
		CA02000A000000000000000A /* ClawSetupViewModel.swift */ = {isa = PBXFileReference; lastKnownFileType = sourcecode.swift; path = ClawSetupViewModel.swift; sourceTree = "<group>"; };
		CA02000B000000000000000B /* SoyehtAPIClient+Claws.swift */ = {isa = PBXFileReference; lastKnownFileType = sourcecode.swift; path = "SoyehtAPIClient+Claws.swift"; sourceTree = "<group>"; };
		CA02000C000000000000000C /* ClawModelsTests.swift */ = {isa = PBXFileReference; lastKnownFileType = sourcecode.swift; path = ClawModelsTests.swift; sourceTree = "<group>"; };
		CA02000D000000000000000D /* ClawAPITests.swift */ = {isa = PBXFileReference; lastKnownFileType = sourcecode.swift; path = ClawAPITests.swift; sourceTree = "<group>"; };
		CA02000E000000000000000E /* ClawViewModelTests.swift */ = {isa = PBXFileReference; lastKnownFileType = sourcecode.swift; path = ClawViewModelTests.swift; sourceTree = "<group>"; };
		CA02000F000000000000000F /* ClawNotificationHelper.swift */ = {isa = PBXFileReference; lastKnownFileType = sourcecode.swift; path = ClawNotificationHelper.swift; sourceTree = "<group>"; };
		CB0200010000000000000001 /* ClipboardWriter.swift */ = {isa = PBXFileReference; lastKnownFileType = sourcecode.swift; path = ClipboardWriter.swift; sourceTree = "<group>"; };
		CB0200020000000000000002 /* ClipboardWriterTests.swift */ = {isa = PBXFileReference; lastKnownFileType = sourcecode.swift; path = ClipboardWriterTests.swift; sourceTree = "<group>"; };
		AA02000100000000000A0001 /* DownloadsManager.swift */ = {isa = PBXFileReference; includeInIndex = 1; lastKnownFileType = sourcecode.swift; path = DownloadsManager.swift; sourceTree = "<group>"; };
		AA02000200000000000A0002 /* AttachmentPickerView.swift */ = {isa = PBXFileReference; includeInIndex = 1; lastKnownFileType = sourcecode.swift; path = AttachmentPickerView.swift; sourceTree = "<group>"; };
		AA02000300000000000A0003 /* TerminalAttachmentCoordinator.swift */ = {isa = PBXFileReference; includeInIndex = 1; lastKnownFileType = sourcecode.swift; path = TerminalAttachmentCoordinator.swift; sourceTree = "<group>"; };
		AA02000400000000000A0004 /* SoyehtAPIClient+Attachments.swift */ = {isa = PBXFileReference; includeInIndex = 1; lastKnownFileType = sourcecode.swift; path = "SoyehtAPIClient+Attachments.swift"; sourceTree = "<group>"; };
		CAAB1A0672E020C8C47589A3 /* AppNotifications.swift */ = {isa = PBXFileReference; includeInIndex = 1; lastKnownFileType = sourcecode.swift; path = AppNotifications.swift; sourceTree = "<group>"; };
		D1A2B3C4D5E6F708192A3B02 /* VoiceInputState.swift */ = {isa = PBXFileReference; includeInIndex = 1; lastKnownFileType = sourcecode.swift; path = VoiceInputState.swift; sourceTree = "<group>"; };
		D1A2B3C4D5E6F708192A3B04 /* VoicePermissionHelper.swift */ = {isa = PBXFileReference; includeInIndex = 1; lastKnownFileType = sourcecode.swift; path = VoicePermissionHelper.swift; sourceTree = "<group>"; };
		D1A2B3C4D5E6F708192A3B06 /* VoiceInputService.swift */ = {isa = PBXFileReference; includeInIndex = 1; lastKnownFileType = sourcecode.swift; path = VoiceInputService.swift; sourceTree = "<group>"; };
		D1A2B3C4D5E6F708192A3B08 /* VoiceWaveformView.swift */ = {isa = PBXFileReference; includeInIndex = 1; lastKnownFileType = sourcecode.swift; path = VoiceWaveformView.swift; sourceTree = "<group>"; };
		D1A2B3C4D5E6F708192A3B0A /* VoiceBarView.swift */ = {isa = PBXFileReference; includeInIndex = 1; lastKnownFileType = sourcecode.swift; path = VoiceBarView.swift; sourceTree = "<group>"; };
		D1A2B3C4D5E6F708192A3B0C /* VoiceRecordingPanel.swift */ = {isa = PBXFileReference; includeInIndex = 1; lastKnownFileType = sourcecode.swift; path = VoiceRecordingPanel.swift; sourceTree = "<group>"; };
		D1A2B3C4D5E6F708192A3B0E /* VoiceSettingsView.swift */ = {isa = PBXFileReference; includeInIndex = 1; lastKnownFileType = sourcecode.swift; path = VoiceSettingsView.swift; sourceTree = "<group>"; };
		D4E5F60718293A4B5C6D7E90 /* HapticZoneModelTests.swift */ = {isa = PBXFileReference; includeInIndex = 1; lastKnownFileType = sourcecode.swift; path = HapticZoneModelTests.swift; sourceTree = "<group>"; };
		DD25CF8831A8F130C1E7C502 /* TerminalPreferences.swift */ = {isa = PBXFileReference; includeInIndex = 1; lastKnownFileType = sourcecode.swift; path = TerminalPreferences.swift; sourceTree = "<group>"; };
		E1A2B3C4D5E6F708192A3C01 /* ShortcutBarItem.swift */ = {isa = PBXFileReference; includeInIndex = 1; lastKnownFileType = sourcecode.swift; path = ShortcutBarItem.swift; sourceTree = "<group>"; };
		E1A2B3C4D5E6F708192A3C03 /* ShortcutBarCatalog.swift */ = {isa = PBXFileReference; includeInIndex = 1; lastKnownFileType = sourcecode.swift; path = ShortcutBarCatalog.swift; sourceTree = "<group>"; };
		E1A2B3C4D5E6F708192A3C05 /* ShortcutBarView.swift */ = {isa = PBXFileReference; includeInIndex = 1; lastKnownFileType = sourcecode.swift; path = ShortcutBarView.swift; sourceTree = "<group>"; };
		E1A2B3C4D5E6F708192A3C07 /* CustomShortcutCreatorView.swift */ = {isa = PBXFileReference; includeInIndex = 1; lastKnownFileType = sourcecode.swift; path = CustomShortcutCreatorView.swift; sourceTree = "<group>"; };
		E1A2B3C4D5E6F708192A3C09 /* ShortcutBarTests.swift */ = {isa = PBXFileReference; includeInIndex = 1; lastKnownFileType = sourcecode.swift; path = ShortcutBarTests.swift; sourceTree = "<group>"; };
		E5F60718293A4B5C6D7E8F9B /* HapticPreferencesTests.swift */ = {isa = PBXFileReference; includeInIndex = 1; lastKnownFileType = sourcecode.swift; path = HapticPreferencesTests.swift; sourceTree = "<group>"; };
		EAF2F6FDB1023B9A23B8ACCD /* ClawDeployMonitor.swift */ = {isa = PBXFileReference; includeInIndex = 1; lastKnownFileType = sourcecode.swift; path = ClawDeployMonitor.swift; sourceTree = "<group>"; };
		EF1E09FD6412548C12769699 /* TerminalPreview.swift */ = {isa = PBXFileReference; includeInIndex = 1; lastKnownFileType = sourcecode.swift; path = TerminalPreview.swift; sourceTree = "<group>"; };
		F1A2B3C4D5E6F708192A3B4D /* ColorTheme.swift */ = {isa = PBXFileReference; includeInIndex = 1; lastKnownFileType = sourcecode.swift; path = ColorTheme.swift; sourceTree = "<group>"; };
		F2B3C4D5E6F708192A3B4C5E /* ColorThemeView.swift */ = {isa = PBXFileReference; includeInIndex = 1; lastKnownFileType = sourcecode.swift; path = ColorThemeView.swift; sourceTree = "<group>"; };
		F3C4D5E6F708192A3B4C5D6F /* ColorThemeTests.swift */ = {isa = PBXFileReference; includeInIndex = 1; lastKnownFileType = sourcecode.swift; path = ColorThemeTests.swift; sourceTree = "<group>"; };
		5CB002000000000000000001 /* AnsiAttributedStringBuilder.swift */ = {isa = PBXFileReference; includeInIndex = 1; lastKnownFileType = sourcecode.swift; path = AnsiAttributedStringBuilder.swift; sourceTree = "<group>"; };
		5CB002000000000000000002 /* ScrollbackStore.swift */ = {isa = PBXFileReference; includeInIndex = 1; lastKnownFileType = sourcecode.swift; path = ScrollbackStore.swift; sourceTree = "<group>"; };
		5CB002000000000000000003 /* ScrollbackLineCell.swift */ = {isa = PBXFileReference; includeInIndex = 1; lastKnownFileType = sourcecode.swift; path = ScrollbackLineCell.swift; sourceTree = "<group>"; };
		5CB002000000000000000004 /* ScrollbackDragHandleView.swift */ = {isa = PBXFileReference; includeInIndex = 1; lastKnownFileType = sourcecode.swift; path = ScrollbackDragHandleView.swift; sourceTree = "<group>"; };
		5CB002000000000000000005 /* ScrollbackPanelView.swift */ = {isa = PBXFileReference; includeInIndex = 1; lastKnownFileType = sourcecode.swift; path = ScrollbackPanelView.swift; sourceTree = "<group>"; };
		5CB002000000000000000006 /* ScrollbackPanelController.swift */ = {isa = PBXFileReference; includeInIndex = 1; lastKnownFileType = sourcecode.swift; path = ScrollbackPanelController.swift; sourceTree = "<group>"; };
		5CB002000000000000000007 /* RubberBand.swift */ = {isa = PBXFileReference; includeInIndex = 1; lastKnownFileType = sourcecode.swift; path = RubberBand.swift; sourceTree = "<group>"; };
/* End PBXFileReference section */

/* Begin PBXFrameworksBuildPhase section */
		49BD1A57224207B5005A2252 /* Frameworks */ = {
			isa = PBXFrameworksBuildPhase;
			buildActionMask = 2147483647;
			files = (
				49F5B0B32F2E8C1A00ABCD12 /* NIOPosix in Frameworks */,
				4929B7AE2F191AAB0075C162 /* NIOSSH in Frameworks */,
				4959FFDB2447F971001F42C0 /* SwiftTerm in Frameworks */,
			);
			runOnlyForDeploymentPostprocessing = 0;
		};
		6E273C279447A16C9F13678B /* Frameworks */ = {
			isa = PBXFrameworksBuildPhase;
			buildActionMask = 2147483647;
			files = (
				5C58898C64769BB16610B44E /* Foundation.framework in Frameworks */,
			);
			runOnlyForDeploymentPostprocessing = 0;
		};
		7D688E915072614D06726134 /* Frameworks */ = {
			isa = PBXFrameworksBuildPhase;
			buildActionMask = 2147483647;
			files = (
				918E2EA1C0752AF7AB015BC4 /* Foundation.framework in Frameworks */,
			);
			runOnlyForDeploymentPostprocessing = 0;
		};
/* End PBXFrameworksBuildPhase section */

/* Begin PBXGroup section */
		0718293A4B5C6D7E8F9A0B1C /* Haptic */ = {
			isa = PBXGroup;
			children = (
				C3D4E5F60718293A4B5C6D7F /* HapticZoneView.swift */,
			);
			path = Haptic;
			sourceTree = "<group>";
		};
		38B0DB9F1337369A432D6A1C /* Preferences */ = {
			isa = PBXGroup;
			children = (
				DD25CF8831A8F130C1E7C502 /* TerminalPreferences.swift */,
			);
			path = Preferences;
			sourceTree = "<group>";
		};
		43D5CABE78E2AC2411B6B51F /* Components */ = {
			isa = PBXGroup;
			children = (
				724061C54B09A67E6E724C7D /* SettingsRow.swift */,
			);
			path = Components;
			sourceTree = "<group>";
		};
		49AE019F2410AB0A0051E902 /* Frameworks */ = {
			isa = PBXGroup;
			children = (
				891E0F6E7562AEBF0D469405 /* iOS */,
			);
			name = Frameworks;
			sourceTree = "<group>";
		};
		49BD1A51224207B4005A2252 = {
			isa = PBXGroup;
			children = (
				75247796245897E3001B12E7 /* SwiftTerm */,
				49BD1A5C224207B5005A2252 /* Soyeht */,
				49BD1A5B224207B5005A2252 /* Products */,
				49AE019F2410AB0A0051E902 /* Frameworks */,
				A60ADA9683518F0D13DA66B4 /* SoyehtTests */,
				5DFCD064F52F221B96A8A3D9 /* SoyehtLiveActivity */,
			);
			indentWidth = 4;
			sourceTree = "<group>";
			tabWidth = 4;
		};
		49BD1A5B224207B5005A2252 /* Products */ = {
			isa = PBXGroup;
			children = (
				49BD1A5A224207B5005A2252 /* Soyeht.app */,
				186D17DC89B2C8E9E22AA15B /* SoyehtTests.xctest */,
				1C541E145E59CD7EE3FA0F27 /* SoyehtLiveActivity.appex */,
			);
			name = Products;
			sourceTree = "<group>";
		};
		49BD1A5C224207B5005A2252 /* Soyeht */ = {
			isa = PBXGroup;
			children = (
				49BD1A5D224207B5005A2252 /* AppDelegate.swift */,
				49BD1A5F224207B5005A2252 /* ViewController.swift */,
				49F5B0B42F2E8D1A00ABCD12 /* SSHLoginView.swift */,
				49F5B0B62F2E8E1A00ABCD12 /* TerminalHostViewController.swift */,
				49BD1A61224207B5005A2252 /* Main.storyboard */,
				49BD1A64224207B7005A2252 /* Assets.xcassets */,
				49BD1A66224207B7005A2252 /* LaunchScreen.storyboard */,
				49BD1A69224207B7005A2252 /* Info.plist */,
				49SEC0002F5A000100SECRETS /* Secrets.plist */,
				4936D22024512AF2005CEE27 /* UIKitSshTerminalView.swift */,
				49A1B0002F3E000100AABB01 /* SoyehtTheme.swift */,
				49A1B0022F3E000100AABB02 /* SplashView.swift */,
				49A1B0042F3E000100AABB03 /* InstanceListView.swift */,
				49A1B0062F3F000100AABB04 /* SessionStore.swift */,
				49A1B0082F3F000100AABB05 /* SoyehtAPIClient.swift */,
				49A1B00A2F3F000100AABB06 /* WebSocketTerminalView.swift */,
				49A1B00C2F3F000100AABB07 /* QRScannerView.swift */,
				CB0200010000000000000001 /* ClipboardWriter.swift */,
				C1145EAD48489D43D5E595B7 /* Settings */,
				38B0DB9F1337369A432D6A1C /* Preferences */,
				E8724F5EA99F6009B44FD466 /* Terminal */,
				F60718293A4B5C6D7E8F9A0B /* Haptic */,
				D1A2B3C4D5E6F708192A3B10 /* Voice */,
				E1A2B3C4D5E6F708192A3C0B /* ShortcutBar */,
				AA03000000000000000A0000 /* Attachment */,
				CA0300000000000000000000 /* ClawStore */,
				5CB003000000000000000000 /* Scrollback */,
				9ADC133E2F82881A00040B9C /* ServerListView.swift */,
				0A1D2E3F4A5B6C7D8E9F0A1C /* AccessibilityID.swift */,
			);
			path = Soyeht;
			sourceTree = "<group>";
		};
		5CB003000000000000000000 /* Scrollback */ = {
			isa = PBXGroup;
			children = (
				5CB002000000000000000001 /* AnsiAttributedStringBuilder.swift */,
				5CB002000000000000000002 /* ScrollbackStore.swift */,
				5CB002000000000000000003 /* ScrollbackLineCell.swift */,
				5CB002000000000000000004 /* ScrollbackDragHandleView.swift */,
				5CB002000000000000000005 /* ScrollbackPanelView.swift */,
				5CB002000000000000000006 /* ScrollbackPanelController.swift */,
				5CB002000000000000000007 /* RubberBand.swift */,
			);
			path = Scrollback;
			sourceTree = "<group>";
		};
		535992955C31C1C3057DD27E /* Appearance */ = {
			isa = PBXGroup;
			children = (
				1A4D8B2E9F3C5A6B0D7E2F4A /* CursorStyleView.swift */,
				3B6FA0C4D15E7B8C2F9D4A6E /* CustomColorPickerView.swift */,
				5853D4D121C79E087561ACE1 /* FontSizeView.swift */,
				F2B3C4D5E6F708192A3B4C5E /* ColorThemeView.swift */,
			);
			path = Appearance;
			sourceTree = "<group>";
		};
		5DFCD064F52F221B96A8A3D9 /* SoyehtLiveActivity */ = {
			isa = PBXGroup;
			children = (
				36A5856D37A409695F29B1E0 /* SoyehtLiveActivityBundle.swift */,
				B5868D1F768755E14DFC0D4E /* ClawDeployLiveActivity.swift */,
				767B25933E52526D1DBD7AFF /* Info.plist */,
			);
			name = SoyehtLiveActivity;
			path = SoyehtLiveActivity;
			sourceTree = "<group>";
		};
		891E0F6E7562AEBF0D469405 /* iOS */ = {
			isa = PBXGroup;
			children = (
				7F02B43CC788993F501BEACE /* Foundation.framework */,
			);
			name = iOS;
			sourceTree = "<group>";
		};
		A60ADA9683518F0D13DA66B4 /* SoyehtTests */ = {
			isa = PBXGroup;
			children = (
				AB41A10FD1623DC4B18036B6 /* SoyehtAPIClientTests.swift */,
				71A40B4E3C8DFAE03F29F48A /* TerminalPreferencesTests.swift */,
				895D113BC01EC7F9B5A563CC /* ANSIParserTests.swift */,
				D4E5F60718293A4B5C6D7E90 /* HapticZoneModelTests.swift */,
				E5F60718293A4B5C6D7E8F9B /* HapticPreferencesTests.swift */,
				F3C4D5E6F708192A3B4C5D6F /* ColorThemeTests.swift */,
				E1A2B3C4D5E6F708192A3C09 /* ShortcutBarTests.swift */,
				CA02000C000000000000000C /* ClawModelsTests.swift */,
				CA02000D000000000000000D /* ClawAPITests.swift */,
				CA02000E000000000000000E /* ClawViewModelTests.swift */,
				CB0200020000000000000002 /* ClipboardWriterTests.swift */,
				9ADC13402F82882F00040B9C /* ServerListViewTests.swift */,
				50070E8A7DA7AFF96395A4D5 /* NavigationStateTests.swift */,
			);
			path = SoyehtTests;
			sourceTree = "<group>";
		};
		C1145EAD48489D43D5E595B7 /* Settings */ = {
			isa = PBXGroup;
			children = (
				43D5CABE78E2AC2411B6B51F /* Components */,
				535992955C31C1C3057DD27E /* Appearance */,
				0718293A4B5C6D7E8F9A0B1C /* Haptic */,
				D1A2B3C4D5E6F708192A3B11 /* Voice */,
				E1A2B3C4D5E6F708192A3C0C /* ShortcutBar */,
				5949BB86D5453B3D46E7EE37 /* SettingsRootView.swift */,
				45A9499AF79D1566E098DA9F /* SettingsRoute.swift */,
			);
			path = Settings;
			sourceTree = "<group>";
		};
		CA0300000000000000000000 /* ClawStore */ = {
			isa = PBXGroup;
			children = (
				CA0200010000000000000001 /* ClawModels.swift */,
				CA0200020000000000000002 /* ClawMockData.swift */,
				CA0200030000000000000003 /* ClawRoute.swift */,
				CA0200040000000000000004 /* ClawCardView.swift */,
				CA0200050000000000000005 /* ClawStoreView.swift */,
				CA0200060000000000000006 /* ClawStoreViewModel.swift */,
				CA0200070000000000000007 /* ClawDetailView.swift */,
				CA0200080000000000000008 /* ClawDetailViewModel.swift */,
				CA0200090000000000000009 /* ClawSetupView.swift */,
				CA02000A000000000000000A /* ClawSetupViewModel.swift */,
				CA02000B000000000000000B /* SoyehtAPIClient+Claws.swift */,
				CA02000F000000000000000F /* ClawNotificationHelper.swift */,
				BCFB584AB9638188A60BDEBA /* ClawDeployAttributes.swift */,
				ABEC1F5D2F474A6A373D2BC0 /* ClawDeployActivityManager.swift */,
				EAF2F6FDB1023B9A23B8ACCD /* ClawDeployMonitor.swift */,
			);
			path = ClawStore;
			sourceTree = "<group>";
		};
		D1A2B3C4D5E6F708192A3B10 /* Voice */ = {
			isa = PBXGroup;
			children = (
				D1A2B3C4D5E6F708192A3B02 /* VoiceInputState.swift */,
				D1A2B3C4D5E6F708192A3B04 /* VoicePermissionHelper.swift */,
				D1A2B3C4D5E6F708192A3B06 /* VoiceInputService.swift */,
				D1A2B3C4D5E6F708192A3B08 /* VoiceWaveformView.swift */,
				D1A2B3C4D5E6F708192A3B0A /* VoiceBarView.swift */,
				D1A2B3C4D5E6F708192A3B0C /* VoiceRecordingPanel.swift */,
			);
			path = Voice;
			sourceTree = "<group>";
		};
		D1A2B3C4D5E6F708192A3B11 /* Voice */ = {
			isa = PBXGroup;
			children = (
				D1A2B3C4D5E6F708192A3B0E /* VoiceSettingsView.swift */,
			);
			path = Voice;
			sourceTree = "<group>";
		};
		E1A2B3C4D5E6F708192A3C0B /* ShortcutBar */ = {
			isa = PBXGroup;
			children = (
				E1A2B3C4D5E6F708192A3C01 /* ShortcutBarItem.swift */,
				E1A2B3C4D5E6F708192A3C03 /* ShortcutBarCatalog.swift */,
			);
			path = ShortcutBar;
			sourceTree = "<group>";
		};
		E1A2B3C4D5E6F708192A3C0C /* ShortcutBar */ = {
			isa = PBXGroup;
			children = (
				E1A2B3C4D5E6F708192A3C05 /* ShortcutBarView.swift */,
				E1A2B3C4D5E6F708192A3C07 /* CustomShortcutCreatorView.swift */,
			);
			path = ShortcutBar;
			sourceTree = "<group>";
		};
		E8724F5EA99F6009B44FD466 /* Terminal */ = {
			isa = PBXGroup;
			children = (
				CAAB1A0672E020C8C47589A3 /* AppNotifications.swift */,
				C2D3FBA44A63A7F5514A2C45 /* SoyehtTerminalAppearance.swift */,
				EF1E09FD6412548C12769699 /* TerminalPreview.swift */,
				3E724E43A39E6607FCF008CD /* ANSIParser.swift */,
				F1A2B3C4D5E6F708192A3B4D /* ColorTheme.swift */,
			);
			path = Terminal;
			sourceTree = "<group>";
		};
		F60718293A4B5C6D7E8F9A0B /* Haptic */ = {
			isa = PBXGroup;
			children = (
				A1B2C3D4E5F60718293A4B5D /* HapticZoneModel.swift */,
				B2C3D4E5F6071829304B5C6E /* HapticEngine.swift */,
			);
			path = Haptic;
			sourceTree = "<group>";
		};
		AA03000000000000000A0000 /* Attachment */ = {
			isa = PBXGroup;
			children = (
				AA02000100000000000A0001 /* DownloadsManager.swift */,
				AA02000200000000000A0002 /* AttachmentPickerView.swift */,
				AA02000300000000000A0003 /* TerminalAttachmentCoordinator.swift */,
				AA02000400000000000A0004 /* SoyehtAPIClient+Attachments.swift */,
			);
			path = Attachment;
			sourceTree = "<group>";
		};
/* End PBXGroup section */

/* Begin PBXNativeTarget section */
		49BD1A59224207B5005A2252 /* Soyeht */ = {
			isa = PBXNativeTarget;
			buildConfigurationList = 49BD1A77224207B7005A2252 /* Build configuration list for PBXNativeTarget "Soyeht" */;
			buildPhases = (
				49BD1A56224207B5005A2252 /* Sources */,
				49BD1A57224207B5005A2252 /* Frameworks */,
				49BD1A58224207B5005A2252 /* Resources */,
				498666E52574A727006BFFA0 /* Embed Frameworks */,
				49SEC0022F5A000200SECRETS /* Copy Secrets (Simulator Only) */,
				5C79246E87CF102B15A2FC73 /* Embed App Extensions */,
			);
			buildRules = (
			);
			dependencies = (
				96CD6DA200E779D1C4EB7700 /* PBXTargetDependency */,
			);
			name = Soyeht;
			packageProductDependencies = (
				4959FFDA2447F971001F42C0 /* SwiftTerm */,
				4929B7AD2F191AAB0075C162 /* NIOSSH */,
				49F5B0B22F2E8C1A00ABCD12 /* NIOPosix */,
			);
			productName = SwiftTerm;
			productReference = 49BD1A5A224207B5005A2252 /* Soyeht.app */;
			productType = "com.apple.product-type.application";
		};
		7DF6AD3AD35D869C7576F2DE /* SoyehtLiveActivity */ = {
			isa = PBXNativeTarget;
			buildConfigurationList = 850E387146204DE625B4C114 /* Build configuration list for PBXNativeTarget "SoyehtLiveActivity" */;
			buildPhases = (
				103140F76D310FEB9B137E45 /* Sources */,
				7D688E915072614D06726134 /* Frameworks */,
				FE3A48529CC759DC22EF5C0A /* Resources */,
			);
			buildRules = (
			);
			dependencies = (
			);
			name = SoyehtLiveActivity;
			productName = SoyehtLiveActivity;
			productReference = 1C541E145E59CD7EE3FA0F27 /* SoyehtLiveActivity.appex */;
			productType = "com.apple.product-type.app-extension";
		};
		F984D79050583015147216E0 /* SoyehtTests */ = {
			isa = PBXNativeTarget;
			buildConfigurationList = 82930FAE71B160EEFDC2C6A2 /* Build configuration list for PBXNativeTarget "SoyehtTests" */;
			buildPhases = (
				8A253D5896162ADC90C5AB90 /* Sources */,
				6E273C279447A16C9F13678B /* Frameworks */,
				24F2C3C86CD538BB0E8F7187 /* Resources */,
			);
			buildRules = (
			);
			dependencies = (
				28826F3567D089FBB10677E4 /* PBXTargetDependency */,
			);
			name = SoyehtTests;
			productName = iOSTerminalTests;
			productReference = 186D17DC89B2C8E9E22AA15B /* SoyehtTests.xctest */;
			productType = "com.apple.product-type.bundle.unit-test";
		};
/* End PBXNativeTarget section */

/* Begin PBXProject section */
		49BD1A52224207B4005A2252 /* Project object */ = {
			isa = PBXProject;
			attributes = {
				LastSwiftUpdateCheck = 1130;
				LastUpgradeCheck = 1010;
				ORGANIZATIONNAME = "Miguel de Icaza";
				TargetAttributes = {
					49BD1A59224207B5005A2252 = {
						CreatedOnToolsVersion = 10.1;
						LastSwiftMigration = 1130;
					};
				};
			};
			buildConfigurationList = 49BD1A55224207B4005A2252 /* Build configuration list for PBXProject "Soyeht" */;
			compatibilityVersion = "Xcode 9.3";
			developmentRegion = en;
			hasScannedForEncodings = 0;
			knownRegions = (
				en,
				Base,
			);
			mainGroup = 49BD1A51224207B4005A2252;
			packageReferences = (
				4929B7AC2F191AAB0075C162 /* XCRemoteSwiftPackageReference "swift-nio-ssh" */,
				49F5B0B12F2E8C1A00ABCD12 /* XCRemoteSwiftPackageReference "swift-nio" */,
			);
			productRefGroup = 49BD1A5B224207B5005A2252 /* Products */;
			projectDirPath = "";
			projectRoot = "";
			targets = (
				49BD1A59224207B5005A2252 /* Soyeht */,
				F984D79050583015147216E0 /* SoyehtTests */,
				7DF6AD3AD35D869C7576F2DE /* SoyehtLiveActivity */,
			);
		};
/* End PBXProject section */

/* Begin PBXResourcesBuildPhase section */
		24F2C3C86CD538BB0E8F7187 /* Resources */ = {
			isa = PBXResourcesBuildPhase;
			buildActionMask = 2147483647;
			files = (
			);
			runOnlyForDeploymentPostprocessing = 0;
		};
		49BD1A58224207B5005A2252 /* Resources */ = {
			isa = PBXResourcesBuildPhase;
			buildActionMask = 2147483647;
			files = (
				49BD1A68224207B7005A2252 /* LaunchScreen.storyboard in Resources */,
				49BD1A65224207B7005A2252 /* Assets.xcassets in Resources */,
				49BD1A63224207B5005A2252 /* Main.storyboard in Resources */,
			);
			runOnlyForDeploymentPostprocessing = 0;
		};
		FE3A48529CC759DC22EF5C0A /* Resources */ = {
			isa = PBXResourcesBuildPhase;
			buildActionMask = 2147483647;
			files = (
			);
			runOnlyForDeploymentPostprocessing = 0;
		};
/* End PBXResourcesBuildPhase section */

/* Begin PBXShellScriptBuildPhase section */
		49SEC0022F5A000200SECRETS /* Copy Secrets (Simulator Only) */ = {
			isa = PBXShellScriptBuildPhase;
			buildActionMask = 2147483647;
			files = (
			);
			inputFileListPaths = (
			);
			inputPaths = (
				"$(SRCROOT)/Soyeht/Secrets.plist",
			);
			name = "Copy Secrets (Simulator Only)";
			outputFileListPaths = (
			);
			outputPaths = (
				"$(BUILT_PRODUCTS_DIR)/$(PRODUCT_NAME).app/Secrets.plist",
			);
			runOnlyForDeploymentPostprocessing = 0;
			shellPath = /bin/sh;
			shellScript = "if [ \"$PLATFORM_NAME\" = \"iphonesimulator\" ] && [ -f \"${SRCROOT}/Soyeht/Secrets.plist\" ]; then\n    cp \"${SRCROOT}/Soyeht/Secrets.plist\" \"${BUILT_PRODUCTS_DIR}/${PRODUCT_NAME}.app/\"\n    echo \"Secrets.plist copied (simulator build)\"\nelse\n    echo \"Skipping Secrets.plist (non-simulator build or file missing)\"\nfi\n";
		};
/* End PBXShellScriptBuildPhase section */

/* Begin PBXSourcesBuildPhase section */
		103140F76D310FEB9B137E45 /* Sources */ = {
			isa = PBXSourcesBuildPhase;
			buildActionMask = 2147483647;
			files = (
				B57C7164781E148A6BB93A87 /* SoyehtLiveActivityBundle.swift in Sources */,
				FF64E360B0BD1886FC75D715 /* ClawDeployLiveActivity.swift in Sources */,
				6CC0C107EF82D15CB8F61AEE /* ClawDeployAttributes.swift in Sources */,
			);
			runOnlyForDeploymentPostprocessing = 0;
		};
		49BD1A56224207B5005A2252 /* Sources */ = {
			isa = PBXSourcesBuildPhase;
			buildActionMask = 2147483647;
			files = (
				49F5B0B72F2E8E1A00ABCD12 /* TerminalHostViewController.swift in Sources */,
				49F5B0B52F2E8D1A00ABCD12 /* SSHLoginView.swift in Sources */,
				4936D22124512AF2005CEE27 /* UIKitSshTerminalView.swift in Sources */,
				49BD1A60224207B5005A2252 /* ViewController.swift in Sources */,
				49BD1A5E224207B5005A2252 /* AppDelegate.swift in Sources */,
				49A1B0012F3E000100AABB01 /* SoyehtTheme.swift in Sources */,
				49A1B0032F3E000100AABB02 /* SplashView.swift in Sources */,
				49A1B0052F3E000100AABB03 /* InstanceListView.swift in Sources */,
				49A1B0072F3F000100AABB04 /* SessionStore.swift in Sources */,
				49A1B0092F3F000100AABB05 /* SoyehtAPIClient.swift in Sources */,
				49A1B00B2F3F000100AABB06 /* WebSocketTerminalView.swift in Sources */,
				49A1B00D2F3F000100AABB07 /* QRScannerView.swift in Sources */,
				CB0100010000000000000001 /* ClipboardWriter.swift in Sources */,
				5F049EB1D2DBF8781F780781 /* SettingsRootView.swift in Sources */,
				DEE08BEC4B34F7C3710E9EE6 /* SettingsRoute.swift in Sources */,
				F90455B6F2B5E9F18EBA6F01 /* SettingsRow.swift in Sources */,
				0B3C7A1F8E2D4B5A9C6F1D3E /* CursorStyleView.swift in Sources */,
				2C5E9B3A0F4D6C7B1E8A3F5C /* CustomColorPickerView.swift in Sources */,
				0E2ED6CFBF1AD0E70E5731DC /* FontSizeView.swift in Sources */,
				4B757529461B8CA3296DEF79 /* TerminalPreferences.swift in Sources */,
				44D071707953D9670EAC7FDA /* AppNotifications.swift in Sources */,
				49F2293060AAECD48228B76E /* SoyehtTerminalAppearance.swift in Sources */,
				BFC5521DA4EFBFC66FBB79B4 /* TerminalPreview.swift in Sources */,
				A7AB67CB5EDF8B5B22897E69 /* ANSIParser.swift in Sources */,
				A1B2C3D4E5F60718293A4B5C /* HapticZoneModel.swift in Sources */,
				B2C3D4E5F6071829304B5C6D /* HapticEngine.swift in Sources */,
				C3D4E5F60718293A4B5C6D7E /* HapticZoneView.swift in Sources */,
				F1A2B3C4D5E6F708192A3B4C /* ColorTheme.swift in Sources */,
				F2B3C4D5E6F708192A3B4C5D /* ColorThemeView.swift in Sources */,
				D1A2B3C4D5E6F708192A3B01 /* VoiceInputState.swift in Sources */,
				D1A2B3C4D5E6F708192A3B03 /* VoicePermissionHelper.swift in Sources */,
				D1A2B3C4D5E6F708192A3B05 /* VoiceInputService.swift in Sources */,
				D1A2B3C4D5E6F708192A3B07 /* VoiceWaveformView.swift in Sources */,
				D1A2B3C4D5E6F708192A3B09 /* VoiceBarView.swift in Sources */,
				9ADC133F2F82881A00040B9C /* ServerListView.swift in Sources */,
				0A1D2E3F4A5B6C7D8E9F0A1B /* AccessibilityID.swift in Sources */,
				D1A2B3C4D5E6F708192A3B0B /* VoiceRecordingPanel.swift in Sources */,
				D1A2B3C4D5E6F708192A3B0D /* VoiceSettingsView.swift in Sources */,
				E1A2B3C4D5E6F708192A3C02 /* ShortcutBarItem.swift in Sources */,
				E1A2B3C4D5E6F708192A3C04 /* ShortcutBarCatalog.swift in Sources */,
				E1A2B3C4D5E6F708192A3C06 /* ShortcutBarView.swift in Sources */,
				E1A2B3C4D5E6F708192A3C08 /* CustomShortcutCreatorView.swift in Sources */,
				CA0100010000000000000001 /* ClawModels.swift in Sources */,
				CA0100020000000000000002 /* ClawMockData.swift in Sources */,
				CA0100030000000000000003 /* ClawRoute.swift in Sources */,
				CA0100040000000000000004 /* ClawCardView.swift in Sources */,
				CA0100050000000000000005 /* ClawStoreView.swift in Sources */,
				CA0100060000000000000006 /* ClawStoreViewModel.swift in Sources */,
				CA0100070000000000000007 /* ClawDetailView.swift in Sources */,
				CA0100080000000000000008 /* ClawDetailViewModel.swift in Sources */,
				CA0100090000000000000009 /* ClawSetupView.swift in Sources */,
				CA01000A000000000000000A /* ClawSetupViewModel.swift in Sources */,
				CA01000B000000000000000B /* SoyehtAPIClient+Claws.swift in Sources */,
				CA01000F000000000000000F /* ClawNotificationHelper.swift in Sources */,
				AA01000100000000000A0001 /* DownloadsManager.swift in Sources */,
				AA01000200000000000A0002 /* AttachmentPickerView.swift in Sources */,
				AA01000300000000000A0003 /* TerminalAttachmentCoordinator.swift in Sources */,
				AA01000400000000000A0004 /* SoyehtAPIClient+Attachments.swift in Sources */,
				E53343F60799BFB726D98393 /* ClawDeployAttributes.swift in Sources */,
				75317D3A5661ED67070574CD /* ClawDeployActivityManager.swift in Sources */,
				1A07FA56A6559A0576C3F374 /* ClawDeployMonitor.swift in Sources */,
				5CB001000000000000000001 /* AnsiAttributedStringBuilder.swift in Sources */,
				5CB001000000000000000002 /* ScrollbackStore.swift in Sources */,
				5CB001000000000000000003 /* ScrollbackLineCell.swift in Sources */,
				5CB001000000000000000004 /* ScrollbackDragHandleView.swift in Sources */,
				5CB001000000000000000005 /* ScrollbackPanelView.swift in Sources */,
				5CB001000000000000000006 /* ScrollbackPanelController.swift in Sources */,
				5CB001000000000000000007 /* RubberBand.swift in Sources */,
			);
			runOnlyForDeploymentPostprocessing = 0;
		};
		8A253D5896162ADC90C5AB90 /* Sources */ = {
			isa = PBXSourcesBuildPhase;
			buildActionMask = 2147483647;
			files = (
				0CF5430EFF7C72182BB3BE6E /* SoyehtAPIClientTests.swift in Sources */,
				E40B5FCBD89E11E1AD9A35D7 /* TerminalPreferencesTests.swift in Sources */,
				AAED75A0BBDBB615543F5C21 /* ANSIParserTests.swift in Sources */,
				D4E5F60718293A4B5C6D7E8F /* HapticZoneModelTests.swift in Sources */,
				E5F60718293A4B5C6D7E8F9A /* HapticPreferencesTests.swift in Sources */,
				F3C4D5E6F708192A3B4C5D6E /* ColorThemeTests.swift in Sources */,
				E1A2B3C4D5E6F708192A3C0A /* ShortcutBarTests.swift in Sources */,
				9ADC13412F82882F00040B9C /* ServerListViewTests.swift in Sources */,
				38F0B955EBC1B48530731D0D /* NavigationStateTests.swift in Sources */,
				CA01000C000000000000000C /* ClawModelsTests.swift in Sources */,
				CA01000D000000000000000D /* ClawAPITests.swift in Sources */,
				CA01000E000000000000000E /* ClawViewModelTests.swift in Sources */,
				CB0100020000000000000002 /* ClipboardWriterTests.swift in Sources */,
			);
			runOnlyForDeploymentPostprocessing = 0;
		};
/* End PBXSourcesBuildPhase section */

/* Begin PBXTargetDependency section */
		28826F3567D089FBB10677E4 /* PBXTargetDependency */ = {
			isa = PBXTargetDependency;
			name = iOSTerminal;
			target = 49BD1A59224207B5005A2252 /* Soyeht */;
			targetProxy = 91CCCA6630D476EC42DC958F /* PBXContainerItemProxy */;
		};
		96CD6DA200E779D1C4EB7700 /* PBXTargetDependency */ = {
			isa = PBXTargetDependency;
			name = SoyehtLiveActivity;
			target = 7DF6AD3AD35D869C7576F2DE /* SoyehtLiveActivity */;
			targetProxy = 073A2A111BC6D2EF92DF4435 /* PBXContainerItemProxy */;
		};
/* End PBXTargetDependency section */

/* Begin PBXVariantGroup section */
		49BD1A61224207B5005A2252 /* Main.storyboard */ = {
			isa = PBXVariantGroup;
			children = (
				49BD1A62224207B5005A2252 /* Base */,
			);
			name = Main.storyboard;
			sourceTree = "<group>";
		};
		49BD1A66224207B7005A2252 /* LaunchScreen.storyboard */ = {
			isa = PBXVariantGroup;
			children = (
				49BD1A67224207B7005A2252 /* Base */,
			);
			name = LaunchScreen.storyboard;
			sourceTree = "<group>";
		};
/* End PBXVariantGroup section */

/* Begin XCBuildConfiguration section */
		222FF1B69153393E089A96D9 /* Release */ = {
			isa = XCBuildConfiguration;
			buildSettings = {
				CLANG_ENABLE_OBJC_WEAK = NO;
				CODE_SIGN_STYLE = Automatic;
				CURRENT_PROJECT_VERSION = 1;
				DEVELOPMENT_TEAM = "<IOS_TEAM_ID>";
				GENERATE_INFOPLIST_FILE = NO;
				INFOPLIST_FILE = SoyehtLiveActivity/Info.plist;
				INFOPLIST_KEY_CFBundleDisplayName = SoyehtLiveActivity;
				INFOPLIST_KEY_NSHumanReadableCopyright = "";
				IPHONEOS_DEPLOYMENT_TARGET = 16.2;
				MARKETING_VERSION = 1.0;
				PRODUCT_BUNDLE_IDENTIFIER = com.soyeht.app.SoyehtLiveActivity;
				PRODUCT_NAME = "$(TARGET_NAME)";
				SDKROOT = iphoneos;
				SKIP_INSTALL = YES;
				SWIFT_VERSION = 5.0;
				VALIDATE_PRODUCT = YES;
			};
			name = Release;
		};
		25E29B63DE7DA03C0C6D2493 /* Release */ = {
			isa = XCBuildConfiguration;
			buildSettings = {
				BUNDLE_LOADER = "$(TEST_HOST)";
				CLANG_ENABLE_OBJC_WEAK = NO;
				CODE_SIGN_STYLE = Automatic;
				DEVELOPMENT_TEAM = "<IOS_TEAM_ID>";
				GENERATE_INFOPLIST_FILE = YES;
				INFOPLIST_FILE = "";
				IPHONEOS_DEPLOYMENT_TARGET = 16.2;
				PRODUCT_BUNDLE_IDENTIFIER = org.tirania.SwiftTerm.iOSTerminalTests;
				PRODUCT_NAME = SoyehtTests;
				SDKROOT = iphoneos;
				SWIFT_VERSION = 5.0;
				TEST_HOST = "$(BUILT_PRODUCTS_DIR)/Soyeht.app/$(BUNDLE_EXECUTABLE_FOLDER_PATH)/Soyeht";
				VALIDATE_PRODUCT = YES;
			};
			name = Release;
		};
		49BD1A75224207B7005A2252 /* Debug */ = {
			isa = XCBuildConfiguration;
			buildSettings = {
				ALWAYS_SEARCH_USER_PATHS = NO;
				CLANG_ANALYZER_NONNULL = YES;
				CLANG_ANALYZER_NUMBER_OBJECT_CONVERSION = YES_AGGRESSIVE;
				CLANG_CXX_LANGUAGE_STANDARD = "gnu++14";
				CLANG_CXX_LIBRARY = "libc++";
				CLANG_ENABLE_MODULES = YES;
				CLANG_ENABLE_OBJC_ARC = YES;
				CLANG_ENABLE_OBJC_WEAK = YES;
				CLANG_WARN_BLOCK_CAPTURE_AUTORELEASING = YES;
				CLANG_WARN_BOOL_CONVERSION = YES;
				CLANG_WARN_COMMA = YES;
				CLANG_WARN_CONSTANT_CONVERSION = YES;
				CLANG_WARN_DEPRECATED_OBJC_IMPLEMENTATIONS = YES;
				CLANG_WARN_DIRECT_OBJC_ISA_USAGE = YES_ERROR;
				CLANG_WARN_DOCUMENTATION_COMMENTS = YES;
				CLANG_WARN_EMPTY_BODY = YES;
				CLANG_WARN_ENUM_CONVERSION = YES;
				CLANG_WARN_INFINITE_RECURSION = YES;
				CLANG_WARN_INT_CONVERSION = YES;
				CLANG_WARN_NON_LITERAL_NULL_CONVERSION = YES;
				CLANG_WARN_OBJC_IMPLICIT_RETAIN_SELF = YES;
				CLANG_WARN_OBJC_LITERAL_CONVERSION = YES;
				CLANG_WARN_OBJC_ROOT_CLASS = YES_ERROR;
				CLANG_WARN_RANGE_LOOP_ANALYSIS = YES;
				CLANG_WARN_STRICT_PROTOTYPES = YES;
				CLANG_WARN_SUSPICIOUS_MOVE = YES;
				CLANG_WARN_UNGUARDED_AVAILABILITY = YES_AGGRESSIVE;
				CLANG_WARN_UNREACHABLE_CODE = YES;
				CLANG_WARN__DUPLICATE_METHOD_MATCH = YES;
				CODE_SIGN_IDENTITY = "iPhone Developer";
				COPY_PHASE_STRIP = NO;
				DEBUG_INFORMATION_FORMAT = dwarf;
				ENABLE_STRICT_OBJC_MSGSEND = YES;
				ENABLE_TESTABILITY = YES;
				GCC_C_LANGUAGE_STANDARD = gnu11;
				GCC_DYNAMIC_NO_PIC = NO;
				GCC_NO_COMMON_BLOCKS = YES;
				GCC_OPTIMIZATION_LEVEL = 0;
				GCC_PREPROCESSOR_DEFINITIONS = (
					"DEBUG=1",
					"$(inherited)",
				);
				GCC_WARN_64_TO_32_BIT_CONVERSION = YES;
				GCC_WARN_ABOUT_RETURN_TYPE = YES_ERROR;
				GCC_WARN_UNDECLARED_SELECTOR = YES;
				GCC_WARN_UNINITIALIZED_AUTOS = YES_AGGRESSIVE;
				GCC_WARN_UNUSED_FUNCTION = YES;
				GCC_WARN_UNUSED_VARIABLE = YES;
				IPHONEOS_DEPLOYMENT_TARGET = 13.0;
				MACOSX_DEPLOYMENT_TARGET = 10.15;
				MTL_ENABLE_DEBUG_INFO = INCLUDE_SOURCE;
				MTL_FAST_MATH = YES;
				ONLY_ACTIVE_ARCH = YES;
				SDKROOT = iphoneos;
				SWIFT_ACTIVE_COMPILATION_CONDITIONS = DEBUG;
				SWIFT_OPTIMIZATION_LEVEL = "-Onone";
			};
			name = Debug;
		};
		49BD1A76224207B7005A2252 /* Release */ = {
			isa = XCBuildConfiguration;
			buildSettings = {
				ALWAYS_SEARCH_USER_PATHS = NO;
				CLANG_ANALYZER_NONNULL = YES;
				CLANG_ANALYZER_NUMBER_OBJECT_CONVERSION = YES_AGGRESSIVE;
				CLANG_CXX_LANGUAGE_STANDARD = "gnu++14";
				CLANG_CXX_LIBRARY = "libc++";
				CLANG_ENABLE_MODULES = YES;
				CLANG_ENABLE_OBJC_ARC = YES;
				CLANG_ENABLE_OBJC_WEAK = YES;
				CLANG_WARN_BLOCK_CAPTURE_AUTORELEASING = YES;
				CLANG_WARN_BOOL_CONVERSION = YES;
				CLANG_WARN_COMMA = YES;
				CLANG_WARN_CONSTANT_CONVERSION = YES;
				CLANG_WARN_DEPRECATED_OBJC_IMPLEMENTATIONS = YES;
				CLANG_WARN_DIRECT_OBJC_ISA_USAGE = YES_ERROR;
				CLANG_WARN_DOCUMENTATION_COMMENTS = YES;
				CLANG_WARN_EMPTY_BODY = YES;
				CLANG_WARN_ENUM_CONVERSION = YES;
				CLANG_WARN_INFINITE_RECURSION = YES;
				CLANG_WARN_INT_CONVERSION = YES;
				CLANG_WARN_NON_LITERAL_NULL_CONVERSION = YES;
				CLANG_WARN_OBJC_IMPLICIT_RETAIN_SELF = YES;
				CLANG_WARN_OBJC_LITERAL_CONVERSION = YES;
				CLANG_WARN_OBJC_ROOT_CLASS = YES_ERROR;
				CLANG_WARN_RANGE_LOOP_ANALYSIS = YES;
				CLANG_WARN_STRICT_PROTOTYPES = YES;
				CLANG_WARN_SUSPICIOUS_MOVE = YES;
				CLANG_WARN_UNGUARDED_AVAILABILITY = YES_AGGRESSIVE;
				CLANG_WARN_UNREACHABLE_CODE = YES;
				CLANG_WARN__DUPLICATE_METHOD_MATCH = YES;
				CODE_SIGN_IDENTITY = "iPhone Developer";
				COPY_PHASE_STRIP = NO;
				DEBUG_INFORMATION_FORMAT = "dwarf-with-dsym";
				ENABLE_NS_ASSERTIONS = NO;
				ENABLE_STRICT_OBJC_MSGSEND = YES;
				GCC_C_LANGUAGE_STANDARD = gnu11;
				GCC_NO_COMMON_BLOCKS = YES;
				GCC_WARN_64_TO_32_BIT_CONVERSION = YES;
				GCC_WARN_ABOUT_RETURN_TYPE = YES_ERROR;
				GCC_WARN_UNDECLARED_SELECTOR = YES;
				GCC_WARN_UNINITIALIZED_AUTOS = YES_AGGRESSIVE;
				GCC_WARN_UNUSED_FUNCTION = YES;
				GCC_WARN_UNUSED_VARIABLE = YES;
				IPHONEOS_DEPLOYMENT_TARGET = 13.0;
				MACOSX_DEPLOYMENT_TARGET = 10.15;
				MTL_ENABLE_DEBUG_INFO = NO;
				MTL_FAST_MATH = YES;
				ONLY_ACTIVE_ARCH = YES;
				SDKROOT = iphoneos;
				SWIFT_COMPILATION_MODE = wholemodule;
				SWIFT_OPTIMIZATION_LEVEL = "-O";
				VALIDATE_PRODUCT = YES;
			};
			name = Release;
		};
		49BD1A78224207B7005A2252 /* Debug */ = {
			isa = XCBuildConfiguration;
			buildSettings = {
				ASSETCATALOG_COMPILER_APPICON_NAME = AppIcon;
				CODE_SIGN_STYLE = Automatic;
				DEVELOPMENT_TEAM = "<IOS_TEAM_ID>";
				INFOPLIST_FILE = "$(PRODUCT_NAME)/Info.plist";
				IPHONEOS_DEPLOYMENT_TARGET = 16.2;
				LD_RUNPATH_SEARCH_PATHS = (
					"$(inherited)",
					"@executable_path/Frameworks",
				);
				PRODUCT_BUNDLE_IDENTIFIER = com.soyeht.app;
				PRODUCT_NAME = "$(TARGET_NAME)";
				SWIFT_VERSION = 5.0;
				TARGETED_DEVICE_FAMILY = "1,2";
			};
			name = Debug;
		};
		49BD1A79224207B7005A2252 /* Release */ = {
			isa = XCBuildConfiguration;
			buildSettings = {
				ASSETCATALOG_COMPILER_APPICON_NAME = AppIcon;
				CODE_SIGN_STYLE = Automatic;
				DEVELOPMENT_TEAM = "<IOS_TEAM_ID>";
				INFOPLIST_FILE = "$(PRODUCT_NAME)/Info.plist";
				IPHONEOS_DEPLOYMENT_TARGET = 16.2;
				LD_RUNPATH_SEARCH_PATHS = (
					"$(inherited)",
					"@executable_path/Frameworks",
				);
				PRODUCT_BUNDLE_IDENTIFIER = com.soyeht.app;
				PRODUCT_NAME = "$(TARGET_NAME)";
				SWIFT_VERSION = 5.0;
				TARGETED_DEVICE_FAMILY = "1,2";
			};
			name = Release;
		};
		62D70A4F8E7CCBB1999FC058 /* Debug */ = {
			isa = XCBuildConfiguration;
			buildSettings = {
				BUNDLE_LOADER = "$(TEST_HOST)";
				CLANG_ENABLE_OBJC_WEAK = NO;
				CODE_SIGN_STYLE = Automatic;
				DEVELOPMENT_TEAM = "<IOS_TEAM_ID>";
				GENERATE_INFOPLIST_FILE = YES;
				INFOPLIST_FILE = "";
				IPHONEOS_DEPLOYMENT_TARGET = 16.2;
				PRODUCT_BUNDLE_IDENTIFIER = org.tirania.SwiftTerm.iOSTerminalTests;
				PRODUCT_NAME = SoyehtTests;
				SDKROOT = iphoneos;
				SWIFT_VERSION = 5.0;
				TEST_HOST = "$(BUILT_PRODUCTS_DIR)/Soyeht.app/$(BUNDLE_EXECUTABLE_FOLDER_PATH)/Soyeht";
			};
			name = Debug;
		};
		8842FCAA98167C272F392940 /* Debug */ = {
			isa = XCBuildConfiguration;
			buildSettings = {
				CLANG_ENABLE_OBJC_WEAK = NO;
				CODE_SIGN_STYLE = Automatic;
				CURRENT_PROJECT_VERSION = 1;
				DEVELOPMENT_TEAM = "<IOS_TEAM_ID>";
				GENERATE_INFOPLIST_FILE = NO;
				INFOPLIST_FILE = SoyehtLiveActivity/Info.plist;
				INFOPLIST_KEY_CFBundleDisplayName = SoyehtLiveActivity;
				INFOPLIST_KEY_NSHumanReadableCopyright = "";
				IPHONEOS_DEPLOYMENT_TARGET = 16.2;
				MARKETING_VERSION = 1.0;
				PRODUCT_BUNDLE_IDENTIFIER = com.soyeht.app.SoyehtLiveActivity;
				PRODUCT_NAME = "$(TARGET_NAME)";
				SDKROOT = iphoneos;
				SKIP_INSTALL = YES;
				SWIFT_VERSION = 5.0;
			};
			name = Debug;
		};
/* End XCBuildConfiguration section */

/* Begin XCConfigurationList section */
		49BD1A55224207B4005A2252 /* Build configuration list for PBXProject "Soyeht" */ = {
			isa = XCConfigurationList;
			buildConfigurations = (
				49BD1A75224207B7005A2252 /* Debug */,
				49BD1A76224207B7005A2252 /* Release */,
			);
			defaultConfigurationIsVisible = 0;
			defaultConfigurationName = Release;
		};
		49BD1A77224207B7005A2252 /* Build configuration list for PBXNativeTarget "Soyeht" */ = {
			isa = XCConfigurationList;
			buildConfigurations = (
				49BD1A78224207B7005A2252 /* Debug */,
				49BD1A79224207B7005A2252 /* Release */,
			);
			defaultConfigurationIsVisible = 0;
			defaultConfigurationName = Release;
		};
		82930FAE71B160EEFDC2C6A2 /* Build configuration list for PBXNativeTarget "SoyehtTests" */ = {
			isa = XCConfigurationList;
			buildConfigurations = (
				25E29B63DE7DA03C0C6D2493 /* Release */,
				62D70A4F8E7CCBB1999FC058 /* Debug */,
			);
			defaultConfigurationIsVisible = 0;
			defaultConfigurationName = Release;
		};
		850E387146204DE625B4C114 /* Build configuration list for PBXNativeTarget "SoyehtLiveActivity" */ = {
			isa = XCConfigurationList;
			buildConfigurations = (
				222FF1B69153393E089A96D9 /* Release */,
				8842FCAA98167C272F392940 /* Debug */,
			);
			defaultConfigurationIsVisible = 0;
			defaultConfigurationName = Release;
		};
/* End XCConfigurationList section */

/* Begin XCRemoteSwiftPackageReference section */
		4929B7AC2F191AAB0075C162 /* XCRemoteSwiftPackageReference "swift-nio-ssh" */ = {
			isa = XCRemoteSwiftPackageReference;
			repositoryURL = "https://github.com/apple/swift-nio-ssh";
			requirement = {
				kind = upToNextMajorVersion;
				minimumVersion = 0.12.0;
			};
		};
		49F5B0B12F2E8C1A00ABCD12 /* XCRemoteSwiftPackageReference "swift-nio" */ = {
			isa = XCRemoteSwiftPackageReference;
			repositoryURL = "https://github.com/apple/swift-nio.git";
			requirement = {
				kind = upToNextMajorVersion;
				minimumVersion = 2.92.2;
			};
		};
/* End XCRemoteSwiftPackageReference section */

/* Begin XCSwiftPackageProductDependency section */
		4929B7AD2F191AAB0075C162 /* NIOSSH */ = {
			isa = XCSwiftPackageProductDependency;
			package = 4929B7AC2F191AAB0075C162 /* XCRemoteSwiftPackageReference "swift-nio-ssh" */;
			productName = NIOSSH;
		};
		4959FFDA2447F971001F42C0 /* SwiftTerm */ = {
			isa = XCSwiftPackageProductDependency;
			productName = SwiftTerm;
		};
		49F5B0B22F2E8C1A00ABCD12 /* NIOPosix */ = {
			isa = XCSwiftPackageProductDependency;
			package = 49F5B0B12F2E8C1A00ABCD12 /* XCRemoteSwiftPackageReference "swift-nio" */;
			productName = NIOPosix;
		};
/* End XCSwiftPackageProductDependency section */
	};
	rootObject = 49BD1A52224207B4005A2252 /* Project object */;
}
