{
  "pins" : [
    {
      "identity" : "blake3-swift",
      "kind" : "remoteSourceControl",
      "location" : "https://github.com/JoshBashed/blake3-swift.git",
      "state" : {
        "revision" : "8f313fd61f38cbb36f2f4438f6ae5ee97c5791e8",
        "version" : "0.2.2"
      }
    }
  ],
  "version" : 2
}
